
Microsoft Visual Studio Solution File, Format Version 12.00
# Visual Studio Version 17
VisualStudioVersion = 17.10.34916.146
MinimumVisualStudioVersion = 10.0.40219.1
Project("{9A19103F-16F7-4668-BE54-9A1E7A4F7556}") = "SampleCodeAPI", "SampleCodeAPI\SampleCodeAPI.csproj", "{1262CCFB-C134-4576-BC11-82441549C9C9}"
EndProject
Project("{FAE04EC0-301F-11D3-BF4B-00C04F79EFBC}") = "FrontendAngular", "Frontend\FrontendAngular.csproj", "{F920CD13-EF7A-4B92-BDBC-92D698C07022}"
EndProject
Global
	GlobalSection(SolutionConfigurationPlatforms) = preSolution
		Debug|Any CPU = Debug|Any CPU
		Release|Any CPU = Release|Any CPU
	EndGlobalSection
	GlobalSection(ProjectConfigurationPlatforms) = postSolution
		{1262CCFB-C134-4576-BC11-82441549C9C9}.Debug|Any CPU.ActiveCfg = Debug|Any CPU
		{1262CCFB-C134-4576-BC11-82441549C9C9}.Debug|Any CPU.Build.0 = Debug|Any CPU
		{1262CCFB-C134-4576-BC11-82441549C9C9}.Release|Any CPU.ActiveCfg = Release|Any CPU
		{1262CCFB-C134-4576-BC11-82441549C9C9}.Release|Any CPU.Build.0 = Release|Any CPU
		{F920CD13-EF7A-4B92-BDBC-92D698C07022}.Debug|Any CPU.ActiveCfg = Debug|Any CPU
		{F920CD13-EF7A-4B92-BDBC-92D698C07022}.Debug|Any CPU.Build.0 = Debug|Any CPU
		{F920CD13-EF7A-4B92-BDBC-92D698C07022}.Release|Any CPU.ActiveCfg = Release|Any CPU
		{F920CD13-EF7A-4B92-BDBC-92D698C07022}.Release|Any CPU.Build.0 = Release|Any CPU
	EndGlobalSection
	GlobalSection(SolutionProperties) = preSolution
		HideSolutionNode = FALSE
	EndGlobalSection
	GlobalSection(ExtensibilityGlobals) = postSolution
		SolutionGuid = {C51CF798-D368-4D27-B1DE-E5DD28568A62}
	EndGlobalSection
EndGlobal
